
Microsoft Visual Studio Solution File, Format Version 12.00
# Visual Studio Version 17
VisualStudioVersion = 17.2.32526.322
MinimumVisualStudioVersion = 10.0.40219.1
Project("{FAE04EC0-301F-11D3-BF4B-00C04F79EFBC}") = "AAH Visionline Example Net", "AAH Visionline Example Net\AAH Visionline Example Net.csproj", "{FDBCF35F-A89B-4CC7-A6A2-6E0EC0F5C923}"
EndProject
Project("{FAE04EC0-301F-11D3-BF4B-00C04F79EFBC}") = "AAH Call Api", "AAH Call Api\AAH Call Api.csproj", "{325AE999-9E35-457B-B352-1B492324307E}"
EndProject
Global
	GlobalSection(SolutionConfigurationPlatforms) = preSolution
		Debug|Any CPU = Debug|Any CPU
		Release|Any CPU = Release|Any CPU
	EndGlobalSection
	GlobalSection(ProjectConfigurationPlatforms) = postSolution
		{FDBCF35F-A89B-4CC7-A6A2-6E0EC0F5C923}.Debug|Any CPU.ActiveCfg = Debug|Any CPU
		{FDBCF35F-A89B-4CC7-A6A2-6E0EC0F5C923}.Debug|Any CPU.Build.0 = Debug|Any CPU
		{FDBCF35F-A89B-4CC7-A6A2-6E0EC0F5C923}.Release|Any CPU.ActiveCfg = Release|Any CPU
		{FDBCF35F-A89B-4CC7-A6A2-6E0EC0F5C923}.Release|Any CPU.Build.0 = Release|Any CPU
		{325AE999-9E35-457B-B352-1B492324307E}.Debug|Any CPU.ActiveCfg = Debug|Any CPU
		{325AE999-9E35-457B-B352-1B492324307E}.Debug|Any CPU.Build.0 = Debug|Any CPU
		{325AE999-9E35-457B-B352-1B492324307E}.Release|Any CPU.ActiveCfg = Release|Any CPU
		{325AE999-9E35-457B-B352-1B492324307E}.Release|Any CPU.Build.0 = Release|Any CPU
	EndGlobalSection
	GlobalSection(SolutionProperties) = preSolution
		HideSolutionNode = FALSE
	EndGlobalSection
	GlobalSection(ExtensibilityGlobals) = postSolution
		SolutionGuid = {0981C7DA-5EB3-4C0C-BCC1-41402B880E1E}
	EndGlobalSection
EndGlobal
